
Microsoft Visual Studio Solution File, Format Version 12.00
# Visual Studio Version 16
VisualStudioVersion = 16.0.33214.272
MinimumVisualStudioVersion = 10.0.40219.1
Project("{FAE04EC0-301F-11D3-BF4B-00C04F79EFBC}") = "MeshToJSON", "MeshToJSON\MeshToJSON.csproj", "{EED6CC00-ED1D-443C-9C36-F98ECB93943F}"
EndProject
Global
	GlobalSection(SolutionConfigurationPlatforms) = preSolution
		Debug|Any CPU = Debug|Any CPU
		Release|Any CPU = Release|Any CPU
	EndGlobalSection
	GlobalSection(ProjectConfigurationPlatforms) = postSolution
		{EED6CC00-ED1D-443C-9C36-F98ECB93943F}.Debug|Any CPU.ActiveCfg = Debug|Any CPU
		{EED6CC00-ED1D-443C-9C36-F98ECB93943F}.Debug|Any CPU.Build.0 = Debug|Any CPU
		{EED6CC00-ED1D-443C-9C36-F98ECB93943F}.Release|Any CPU.ActiveCfg = Release|Any CPU
		{EED6CC00-ED1D-443C-9C36-F98ECB93943F}.Release|Any CPU.Build.0 = Release|Any CPU
	EndGlobalSection
	GlobalSection(SolutionProperties) = preSolution
		HideSolutionNode = FALSE
	EndGlobalSection
	GlobalSection(ExtensibilityGlobals) = postSolution
		SolutionGuid = {577BEF81-A441-4611-866B-BCD7924C8EA7}
	EndGlobalSection
EndGlobal
